
Microsoft Visual Studio Solution File, Format Version 12.00
# Visual Studio Version 17
VisualStudioVersion = 17.10.35122.118
MinimumVisualStudioVersion = 10.0.40219.1
Project("{FAE04EC0-301F-11D3-BF4B-00C04F79EFBC}") = "KutuphaneMvc", "KutuphaneMvc\KutuphaneMvc.csproj", "{D8E0C080-73A4-452B-BED7-B7C3B659F012}"
EndProject
Global
	GlobalSection(SolutionConfigurationPlatforms) = preSolution
		Debug|Any CPU = Debug|Any CPU
		Release|Any CPU = Release|Any CPU
	EndGlobalSection
	GlobalSection(ProjectConfigurationPlatforms) = postSolution
		{D8E0C080-73A4-452B-BED7-B7C3B659F012}.Debug|Any CPU.ActiveCfg = Debug|Any CPU
		{D8E0C080-73A4-452B-BED7-B7C3B659F012}.Debug|Any CPU.Build.0 = Debug|Any CPU
		{D8E0C080-73A4-452B-BED7-B7C3B659F012}.Release|Any CPU.ActiveCfg = Release|Any CPU
		{D8E0C080-73A4-452B-BED7-B7C3B659F012}.Release|Any CPU.Build.0 = Release|Any CPU
	EndGlobalSection
	GlobalSection(SolutionProperties) = preSolution
		HideSolutionNode = FALSE
	EndGlobalSection
	GlobalSection(ExtensibilityGlobals) = postSolution
		SolutionGuid = {7F72DEFA-DD9A-4F67-BED2-CDBD5D4B4F20}
	EndGlobalSection
EndGlobal
